
Microsoft Visual Studio Solution File, Format Version 12.00
Project("{FAE04EC0-301F-11D3-BF4B-00C04F79EFBC}") = "first-console-app", "first-console-app\first-console-app.csproj", "{0D82421D-608D-4072-AD52-A22A1C74220D}"
EndProject
Global
	GlobalSection(SolutionConfigurationPlatforms) = preSolution
		Debug|Any CPU = Debug|Any CPU
		Release|Any CPU = Release|Any CPU
	EndGlobalSection
	GlobalSection(ProjectConfigurationPlatforms) = postSolution
		{0D82421D-608D-4072-AD52-A22A1C74220D}.Debug|Any CPU.ActiveCfg = Debug|Any CPU
		{0D82421D-608D-4072-AD52-A22A1C74220D}.Debug|Any CPU.Build.0 = Debug|Any CPU
		{0D82421D-608D-4072-AD52-A22A1C74220D}.Release|Any CPU.ActiveCfg = Release|Any CPU
		{0D82421D-608D-4072-AD52-A22A1C74220D}.Release|Any CPU.Build.0 = Release|Any CPU
	EndGlobalSection
EndGlobal
